
Microsoft Visual Studio Solution File, Format Version 12.00
# Visual Studio 15
VisualStudioVersion = 15.0.27703.2018
MinimumVisualStudioVersion = 10.0.40219.1
Project("{FAE04EC0-301F-11D3-BF4B-00C04F79EFBC}") = "CheckWebApp", "CheckWebApp\CheckWebApp.csproj", "{C9A0D13B-6CDD-47DD-8F8E-4ADD7C37F41A}"
EndProject
Global
	GlobalSection(SolutionConfigurationPlatforms) = preSolution
		Debug|Any CPU = Debug|Any CPU
		Release|Any CPU = Release|Any CPU
	EndGlobalSection
	GlobalSection(ProjectConfigurationPlatforms) = postSolution
		{C9A0D13B-6CDD-47DD-8F8E-4ADD7C37F41A}.Debug|Any CPU.ActiveCfg = Debug|Any CPU
		{C9A0D13B-6CDD-47DD-8F8E-4ADD7C37F41A}.Debug|Any CPU.Build.0 = Debug|Any CPU
		{C9A0D13B-6CDD-47DD-8F8E-4ADD7C37F41A}.Release|Any CPU.ActiveCfg = Release|Any CPU
		{C9A0D13B-6CDD-47DD-8F8E-4ADD7C37F41A}.Release|Any CPU.Build.0 = Release|Any CPU
	EndGlobalSection
	GlobalSection(SolutionProperties) = preSolution
		HideSolutionNode = FALSE
	EndGlobalSection
	GlobalSection(ExtensibilityGlobals) = postSolution
		SolutionGuid = {F4E31EB4-D27E-4954-9FE6-65E311C0C38F}
	EndGlobalSection
EndGlobal
